// !$*UTF8*$!
{
	archiveVersion = 1;
	classes = {
	};
	objectVersion = 56;
	objects = {

/* Begin PBXBuildFile section */
		7810053C2AED688000C417C9 /* Extension + UIView.swift in Sources */ = {isa = PBXBuildFile; fileRef = 7810053B2AED688000C417C9 /* Extension + UIView.swift */; };
		7810053F2AED68AE00C417C9 /* Extension + UIViewController.swift in Sources */ = {isa = PBXBuildFile; fileRef = 7810053E2AED68AE00C417C9 /* Extension + UIViewController.swift */; };
		7831AD7F2AE947EE0043B020 /* CurrentWeatherViewModel.swift in Sources */ = {isa = PBXBuildFile; fileRef = 7831AD7E2AE947EE0043B020 /* CurrentWeatherViewModel.swift */; };
		7831AD812AE9482D0043B020 /* HourlyWeatherViewModel.swift in Sources */ = {isa = PBXBuildFile; fileRef = 7831AD802AE9482D0043B020 /* HourlyWeatherViewModel.swift */; };
		7831AD852AE94E470043B020 /* CurrentWeather.swift in Sources */ = {isa = PBXBuildFile; fileRef = 7831AD842AE94E470043B020 /* CurrentWeather.swift */; };
		783D615D2AEAA3DB0077A9C6 /* DateTimeFormatter.swift in Sources */ = {isa = PBXBuildFile; fileRef = 783D615C2AEAA3DB0077A9C6 /* DateTimeFormatter.swift */; };
		7866FA402AE400DE0060FBEE /* AppDelegate.swift in Sources */ = {isa = PBXBuildFile; fileRef = 7866FA3F2AE400DE0060FBEE /* AppDelegate.swift */; };
		7866FA422AE400DE0060FBEE /* SceneDelegate.swift in Sources */ = {isa = PBXBuildFile; fileRef = 7866FA412AE400DE0060FBEE /* SceneDelegate.swift */; };
		7866FA442AE400DE0060FBEE /* WeatherViewController.swift in Sources */ = {isa = PBXBuildFile; fileRef = 7866FA432AE400DE0060FBEE /* WeatherViewController.swift */; };
		7866FA492AE400DF0060FBEE /* Assets.xcassets in Resources */ = {isa = PBXBuildFile; fileRef = 7866FA482AE400DF0060FBEE /* Assets.xcassets */; };
		7866FA572AE401ED0060FBEE /* NetworkManager.swift in Sources */ = {isa = PBXBuildFile; fileRef = 7866FA562AE401ED0060FBEE /* NetworkManager.swift */; };
		7866FA5B2AE406510060FBEE /* LocationManager.swift in Sources */ = {isa = PBXBuildFile; fileRef = 7866FA5A2AE406510060FBEE /* LocationManager.swift */; };
		7866FA5F2AE406EF0060FBEE /* WeatherManager.swift in Sources */ = {isa = PBXBuildFile; fileRef = 7866FA5E2AE406EF0060FBEE /* WeatherManager.swift */; };
		7866FA612AE407950060FBEE /* CityListViewController.swift in Sources */ = {isa = PBXBuildFile; fileRef = 7866FA602AE407950060FBEE /* CityListViewController.swift */; };
		7866FA632AE407DA0060FBEE /* TabViewController.swift in Sources */ = {isa = PBXBuildFile; fileRef = 7866FA622AE407DA0060FBEE /* TabViewController.swift */; };
		7866FA652AE40C870060FBEE /* CurrentWeatherCell.swift in Sources */ = {isa = PBXBuildFile; fileRef = 7866FA642AE40C870060FBEE /* CurrentWeatherCell.swift */; };
		7883E1282AEFCC2D00C31107 /* Cities.swift in Sources */ = {isa = PBXBuildFile; fileRef = 7883E1272AEFCC2D00C31107 /* Cities.swift */; };
		7883E12A2AEFCCB200C31107 /* CitiesViewModel.swift in Sources */ = {isa = PBXBuildFile; fileRef = 7883E1292AEFCCB200C31107 /* CitiesViewModel.swift */; };
		7883E12C2AEFDF5A00C31107 /* citylist.json in Resources */ = {isa = PBXBuildFile; fileRef = 7883E12B2AEFDF5A00C31107 /* citylist.json */; };
		7887500B2AEEADE8002B3BA2 /* TemperatureFormatter.swift in Sources */ = {isa = PBXBuildFile; fileRef = 7887500A2AEEADE8002B3BA2 /* TemperatureFormatter.swift */; };
		78BA03FD2AE82221002E9DF1 /* HourlyWeatherCell.swift in Sources */ = {isa = PBXBuildFile; fileRef = 78BA03FC2AE82221002E9DF1 /* HourlyWeatherCell.swift */; };
		78E85D442AF11ACC0061FA89 /* CityCell.swift in Sources */ = {isa = PBXBuildFile; fileRef = 78E85D432AF11ACC0061FA89 /* CityCell.swift */; };
		78E85D462AF1444C0061FA89 /* WeatherStringImages.swift in Sources */ = {isa = PBXBuildFile; fileRef = 78E85D452AF1444C0061FA89 /* WeatherStringImages.swift */; };
		78E85D482AF145CC0061FA89 /* Sizes.swift in Sources */ = {isa = PBXBuildFile; fileRef = 78E85D472AF145CC0061FA89 /* Sizes.swift */; };
/* End PBXBuildFile section */

/* Begin PBXFileReference section */
		7810053B2AED688000C417C9 /* Extension + UIView.swift */ = {isa = PBXFileReference; lastKnownFileType = sourcecode.swift; path = "Extension + UIView.swift"; sourceTree = "<group>"; };
		7810053E2AED68AE00C417C9 /* Extension + UIViewController.swift */ = {isa = PBXFileReference; lastKnownFileType = sourcecode.swift; path = "Extension + UIViewController.swift"; sourceTree = "<group>"; };
		7831AD7E2AE947EE0043B020 /* CurrentWeatherViewModel.swift */ = {isa = PBXFileReference; lastKnownFileType = sourcecode.swift; path = CurrentWeatherViewModel.swift; sourceTree = "<group>"; };
		7831AD802AE9482D0043B020 /* HourlyWeatherViewModel.swift */ = {isa = PBXFileReference; lastKnownFileType = sourcecode.swift; path = HourlyWeatherViewModel.swift; sourceTree = "<group>"; };
		7831AD842AE94E470043B020 /* CurrentWeather.swift */ = {isa = PBXFileReference; lastKnownFileType = sourcecode.swift; path = CurrentWeather.swift; sourceTree = "<group>"; };
		783D615C2AEAA3DB0077A9C6 /* DateTimeFormatter.swift */ = {isa = PBXFileReference; lastKnownFileType = sourcecode.swift; path = DateTimeFormatter.swift; sourceTree = "<group>"; };
		7866FA3C2AE400DE0060FBEE /* Weather_MVVM.UIKit.app */ = {isa = PBXFileReference; explicitFileType = wrapper.application; includeInIndex = 0; path = Weather_MVVM.UIKit.app; sourceTree = BUILT_PRODUCTS_DIR; };
		7866FA3F2AE400DE0060FBEE /* AppDelegate.swift */ = {isa = PBXFileReference; lastKnownFileType = sourcecode.swift; path = AppDelegate.swift; sourceTree = "<group>"; };
		7866FA412AE400DE0060FBEE /* SceneDelegate.swift */ = {isa = PBXFileReference; lastKnownFileType = sourcecode.swift; path = SceneDelegate.swift; sourceTree = "<group>"; };
		7866FA432AE400DE0060FBEE /* WeatherViewController.swift */ = {isa = PBXFileReference; lastKnownFileType = sourcecode.swift; path = WeatherViewController.swift; sourceTree = "<group>"; };
		7866FA482AE400DF0060FBEE /* Assets.xcassets */ = {isa = PBXFileReference; lastKnownFileType = folder.assetcatalog; path = Assets.xcassets; sourceTree = "<group>"; };
		7866FA4D2AE400DF0060FBEE /* Info.plist */ = {isa = PBXFileReference; lastKnownFileType = text.plist.xml; path = Info.plist; sourceTree = "<group>"; };
		7866FA562AE401ED0060FBEE /* NetworkManager.swift */ = {isa = PBXFileReference; lastKnownFileType = sourcecode.swift; path = NetworkManager.swift; sourceTree = "<group>"; };
		7866FA5A2AE406510060FBEE /* LocationManager.swift */ = {isa = PBXFileReference; lastKnownFileType = sourcecode.swift; path = LocationManager.swift; sourceTree = "<group>"; };
		7866FA5E2AE406EF0060FBEE /* WeatherManager.swift */ = {isa = PBXFileReference; lastKnownFileType = sourcecode.swift; path = WeatherManager.swift; sourceTree = "<group>"; };
		7866FA602AE407950060FBEE /* CityListViewController.swift */ = {isa = PBXFileReference; lastKnownFileType = sourcecode.swift; path = CityListViewController.swift; sourceTree = "<group>"; };
		7866FA622AE407DA0060FBEE /* TabViewController.swift */ = {isa = PBXFileReference; lastKnownFileType = sourcecode.swift; path = TabViewController.swift; sourceTree = "<group>"; };
		7866FA642AE40C870060FBEE /* CurrentWeatherCell.swift */ = {isa = PBXFileReference; lastKnownFileType = sourcecode.swift; path = CurrentWeatherCell.swift; sourceTree = "<group>"; };
		7883E1272AEFCC2D00C31107 /* Cities.swift */ = {isa = PBXFileReference; lastKnownFileType = sourcecode.swift; path = Cities.swift; sourceTree = "<group>"; };
		7883E1292AEFCCB200C31107 /* CitiesViewModel.swift */ = {isa = PBXFileReference; lastKnownFileType = sourcecode.swift; path = CitiesViewModel.swift; sourceTree = "<group>"; };
		7883E12B2AEFDF5A00C31107 /* citylist.json */ = {isa = PBXFileReference; fileEncoding = 4; lastKnownFileType = text.json; path = citylist.json; sourceTree = "<group>"; };
		7887500A2AEEADE8002B3BA2 /* TemperatureFormatter.swift */ = {isa = PBXFileReference; lastKnownFileType = sourcecode.swift; path = TemperatureFormatter.swift; sourceTree = "<group>"; };
		78BA03FC2AE82221002E9DF1 /* HourlyWeatherCell.swift */ = {isa = PBXFileReference; lastKnownFileType = sourcecode.swift; path = HourlyWeatherCell.swift; sourceTree = "<group>"; };
		78E85D432AF11ACC0061FA89 /* CityCell.swift */ = {isa = PBXFileReference; lastKnownFileType = sourcecode.swift; path = CityCell.swift; sourceTree = "<group>"; };
		78E85D452AF1444C0061FA89 /* WeatherStringImages.swift */ = {isa = PBXFileReference; lastKnownFileType = sourcecode.swift; path = WeatherStringImages.swift; sourceTree = "<group>"; };
		78E85D472AF145CC0061FA89 /* Sizes.swift */ = {isa = PBXFileReference; lastKnownFileType = sourcecode.swift; path = Sizes.swift; sourceTree = "<group>"; };
/* End PBXFileReference section */

/* Begin PBXFrameworksBuildPhase section */
		7866FA392AE400DE0060FBEE /* Frameworks */ = {
			isa = PBXFrameworksBuildPhase;
			buildActionMask = 2147483647;
			files = (
			);
			runOnlyForDeploymentPostprocessing = 0;
		};
/* End PBXFrameworksBuildPhase section */

/* Begin PBXGroup section */
		7810053D2AED688300C417C9 /* Extensions */ = {
			isa = PBXGroup;
			children = (
				7810053B2AED688000C417C9 /* Extension + UIView.swift */,
				7810053E2AED68AE00C417C9 /* Extension + UIViewController.swift */,
			);
			path = Extensions;
			sourceTree = "<group>";
		};
		7831AD862AE94E4B0043B020 /* Models */ = {
			isa = PBXGroup;
			children = (
				7831AD842AE94E470043B020 /* CurrentWeather.swift */,
				7883E1272AEFCC2D00C31107 /* Cities.swift */,
			);
			path = Models;
			sourceTree = "<group>";
		};
		7866FA332AE400DE0060FBEE = {
			isa = PBXGroup;
			children = (
				7866FA3E2AE400DE0060FBEE /* Weather_MVVM.UIKit */,
				7866FA3D2AE400DE0060FBEE /* Products */,
			);
			sourceTree = "<group>";
		};
		7866FA3D2AE400DE0060FBEE /* Products */ = {
			isa = PBXGroup;
			children = (
				7866FA3C2AE400DE0060FBEE /* Weather_MVVM.UIKit.app */,
			);
			name = Products;
			sourceTree = "<group>";
		};
		7866FA3E2AE400DE0060FBEE /* Weather_MVVM.UIKit */ = {
			isa = PBXGroup;
			children = (
				7866FA552AE401670060FBEE /* Application */,
				7866FA592AE402050060FBEE /* ViewControllers */,
				7866FA662AE40C8D0060FBEE /* Views */,
				7810053D2AED688300C417C9 /* Extensions */,
				78C21C452AEC148E00BCD737 /* Helpers */,
				78BA03F42AE8008E002E9DF1 /* ViewModels */,
				7831AD862AE94E4B0043B020 /* Models */,
				7866FA582AE401FD0060FBEE /* Services */,
				7866FA532AE401210060FBEE /* Resources */,
			);
			path = Weather_MVVM.UIKit;
			sourceTree = "<group>";
		};
		7866FA532AE401210060FBEE /* Resources */ = {
			isa = PBXGroup;
			children = (
				7883E12B2AEFDF5A00C31107 /* citylist.json */,
				7866FA482AE400DF0060FBEE /* Assets.xcassets */,
			);
			path = Resources;
			sourceTree = "<group>";
		};
		7866FA552AE401670060FBEE /* Application */ = {
			isa = PBXGroup;
			children = (
				7866FA3F2AE400DE0060FBEE /* AppDelegate.swift */,
				7866FA412AE400DE0060FBEE /* SceneDelegate.swift */,
				7866FA4D2AE400DF0060FBEE /* Info.plist */,
			);
			path = Application;
			sourceTree = "<group>";
		};
		7866FA582AE401FD0060FBEE /* Services */ = {
			isa = PBXGroup;
			children = (
				7866FA562AE401ED0060FBEE /* NetworkManager.swift */,
				7866FA5A2AE406510060FBEE /* LocationManager.swift */,
				7866FA5E2AE406EF0060FBEE /* WeatherManager.swift */,
			);
			path = Services;
			sourceTree = "<group>";
		};
		7866FA592AE402050060FBEE /* ViewControllers */ = {
			isa = PBXGroup;
			children = (
				7866FA432AE400DE0060FBEE /* WeatherViewController.swift */,
				7866FA602AE407950060FBEE /* CityListViewController.swift */,
				7866FA622AE407DA0060FBEE /* TabViewController.swift */,
			);
			path = ViewControllers;
			sourceTree = "<group>";
		};
		7866FA662AE40C8D0060FBEE /* Views */ = {
			isa = PBXGroup;
			children = (
				78BA03F92AE8214E002E9DF1 /* Cells */,
			);
			path = Views;
			sourceTree = "<group>";
		};
		78BA03F42AE8008E002E9DF1 /* ViewModels */ = {
			isa = PBXGroup;
			children = (
				7831AD802AE9482D0043B020 /* HourlyWeatherViewModel.swift */,
				7831AD7E2AE947EE0043B020 /* CurrentWeatherViewModel.swift */,
				7883E1292AEFCCB200C31107 /* CitiesViewModel.swift */,
			);
			path = ViewModels;
			sourceTree = "<group>";
		};
		78BA03F92AE8214E002E9DF1 /* Cells */ = {
			isa = PBXGroup;
			children = (
				7866FA642AE40C870060FBEE /* CurrentWeatherCell.swift */,
				78E85D432AF11ACC0061FA89 /* CityCell.swift */,
				78BA03FC2AE82221002E9DF1 /* HourlyWeatherCell.swift */,
			);
			path = Cells;
			sourceTree = "<group>";
		};
		78C21C452AEC148E00BCD737 /* Helpers */ = {
			isa = PBXGroup;
			children = (
				783D615C2AEAA3DB0077A9C6 /* DateTimeFormatter.swift */,
				7887500A2AEEADE8002B3BA2 /* TemperatureFormatter.swift */,
				78E85D452AF1444C0061FA89 /* WeatherStringImages.swift */,
				78E85D472AF145CC0061FA89 /* Sizes.swift */,
			);
			path = Helpers;
			sourceTree = "<group>";
		};
/* End PBXGroup section */

/* Begin PBXNativeTarget section */
		7866FA3B2AE400DE0060FBEE /* Weather_MVVM.UIKit */ = {
			isa = PBXNativeTarget;
			buildConfigurationList = 7866FA502AE400DF0060FBEE /* Build configuration list for PBXNativeTarget "Weather_MVVM.UIKit" */;
			buildPhases = (
				7866FA382AE400DE0060FBEE /* Sources */,
				7866FA392AE400DE0060FBEE /* Frameworks */,
				7866FA3A2AE400DE0060FBEE /* Resources */,
			);
			buildRules = (
			);
			dependencies = (
			);
			name = Weather_MVVM.UIKit;
			productName = Weather_MVVM.UIKit;
			productReference = 7866FA3C2AE400DE0060FBEE /* Weather_MVVM.UIKit.app */;
			productType = "com.apple.product-type.application";
		};
/* End PBXNativeTarget section */

/* Begin PBXProject section */
		7866FA342AE400DE0060FBEE /* Project object */ = {
			isa = PBXProject;
			attributes = {
				BuildIndependentTargetsInParallel = 1;
				LastSwiftUpdateCheck = 1420;
				LastUpgradeCheck = 1420;
				TargetAttributes = {
					7866FA3B2AE400DE0060FBEE = {
						CreatedOnToolsVersion = 14.2;
					};
				};
			};
			buildConfigurationList = 7866FA372AE400DE0060FBEE /* Build configuration list for PBXProject "Weather_MVVM.UIKit" */;
			compatibilityVersion = "Xcode 14.0";
			developmentRegion = en;
			hasScannedForEncodings = 0;
			knownRegions = (
				en,
				Base,
			);
			mainGroup = 7866FA332AE400DE0060FBEE;
			productRefGroup = 7866FA3D2AE400DE0060FBEE /* Products */;
			projectDirPath = "";
			projectRoot = "";
			targets = (
				7866FA3B2AE400DE0060FBEE /* Weather_MVVM.UIKit */,
			);
		};
/* End PBXProject section */

/* Begin PBXResourcesBuildPhase section */
		7866FA3A2AE400DE0060FBEE /* Resources */ = {
			isa = PBXResourcesBuildPhase;
			buildActionMask = 2147483647;
			files = (
				7883E12C2AEFDF5A00C31107 /* citylist.json in Resources */,
				7866FA492AE400DF0060FBEE /* Assets.xcassets in Resources */,
			);
			runOnlyForDeploymentPostprocessing = 0;
		};
/* End PBXResourcesBuildPhase section */

/* Begin PBXSourcesBuildPhase section */
		7866FA382AE400DE0060FBEE /* Sources */ = {
			isa = PBXSourcesBuildPhase;
			buildActionMask = 2147483647;
			files = (
				7831AD812AE9482D0043B020 /* HourlyWeatherViewModel.swift in Sources */,
				7866FA572AE401ED0060FBEE /* NetworkManager.swift in Sources */,
				78E85D442AF11ACC0061FA89 /* CityCell.swift in Sources */,
				78E85D462AF1444C0061FA89 /* WeatherStringImages.swift in Sources */,
				783D615D2AEAA3DB0077A9C6 /* DateTimeFormatter.swift in Sources */,
				7866FA442AE400DE0060FBEE /* WeatherViewController.swift in Sources */,
				7883E12A2AEFCCB200C31107 /* CitiesViewModel.swift in Sources */,
				7866FA652AE40C870060FBEE /* CurrentWeatherCell.swift in Sources */,
				7887500B2AEEADE8002B3BA2 /* TemperatureFormatter.swift in Sources */,
				7810053F2AED68AE00C417C9 /* Extension + UIViewController.swift in Sources */,
				7866FA5F2AE406EF0060FBEE /* WeatherManager.swift in Sources */,
				7866FA5B2AE406510060FBEE /* LocationManager.swift in Sources */,
				7831AD852AE94E470043B020 /* CurrentWeather.swift in Sources */,
				7866FA402AE400DE0060FBEE /* AppDelegate.swift in Sources */,
				7866FA632AE407DA0060FBEE /* TabViewController.swift in Sources */,
				78BA03FD2AE82221002E9DF1 /* HourlyWeatherCell.swift in Sources */,
				78E85D482AF145CC0061FA89 /* Sizes.swift in Sources */,
				7831AD7F2AE947EE0043B020 /* CurrentWeatherViewModel.swift in Sources */,
				7866FA422AE400DE0060FBEE /* SceneDelegate.swift in Sources */,
				7883E1282AEFCC2D00C31107 /* Cities.swift in Sources */,
				7810053C2AED688000C417C9 /* Extension + UIView.swift in Sources */,
				7866FA612AE407950060FBEE /* CityListViewController.swift in Sources */,
			);
			runOnlyForDeploymentPostprocessing = 0;
		};
/* End PBXSourcesBuildPhase section */

/* Begin XCBuildConfiguration section */
		7866FA4E2AE400DF0060FBEE /* Debug */ = {
			isa = XCBuildConfiguration;
			buildSettings = {
				ALWAYS_SEARCH_USER_PATHS = NO;
				CLANG_ANALYZER_NONNULL = YES;
				CLANG_ANALYZER_NUMBER_OBJECT_CONVERSION = YES_AGGRESSIVE;
				CLANG_CXX_LANGUAGE_STANDARD = "gnu++20";
				CLANG_ENABLE_MODULES = YES;
				CLANG_ENABLE_OBJC_ARC = YES;
				CLANG_ENABLE_OBJC_WEAK = YES;
				CLANG_WARN_BLOCK_CAPTURE_AUTORELEASING = YES;
				CLANG_WARN_BOOL_CONVERSION = YES;
				CLANG_WARN_COMMA = YES;
				CLANG_WARN_CONSTANT_CONVERSION = YES;
				CLANG_WARN_DEPRECATED_OBJC_IMPLEMENTATIONS = YES;
				CLANG_WARN_DIRECT_OBJC_ISA_USAGE = YES_ERROR;
				CLANG_WARN_DOCUMENTATION_COMMENTS = YES;
				CLANG_WARN_EMPTY_BODY = YES;
				CLANG_WARN_ENUM_CONVERSION = YES;
				CLANG_WARN_INFINITE_RECURSION = YES;
				CLANG_WARN_INT_CONVERSION = YES;
				CLANG_WARN_NON_LITERAL_NULL_CONVERSION = YES;
				CLANG_WARN_OBJC_IMPLICIT_RETAIN_SELF = YES;
				CLANG_WARN_OBJC_LITERAL_CONVERSION = YES;
				CLANG_WARN_OBJC_ROOT_CLASS = YES_ERROR;
				CLANG_WARN_QUOTED_INCLUDE_IN_FRAMEWORK_HEADER = YES;
				CLANG_WARN_RANGE_LOOP_ANALYSIS = YES;
				CLANG_WARN_STRICT_PROTOTYPES = YES;
				CLANG_WARN_SUSPICIOUS_MOVE = YES;
				CLANG_WARN_UNGUARDED_AVAILABILITY = YES_AGGRESSIVE;
				CLANG_WARN_UNREACHABLE_CODE = YES;
				CLANG_WARN__DUPLICATE_METHOD_MATCH = YES;
				COPY_PHASE_STRIP = NO;
				DEBUG_INFORMATION_FORMAT = dwarf;
				ENABLE_STRICT_OBJC_MSGSEND = YES;
				ENABLE_TESTABILITY = YES;
				GCC_C_LANGUAGE_STANDARD = gnu11;
				GCC_DYNAMIC_NO_PIC = NO;
				GCC_NO_COMMON_BLOCKS = YES;
				GCC_OPTIMIZATION_LEVEL = 0;
				GCC_PREPROCESSOR_DEFINITIONS = (
					"DEBUG=1",
					"$(inherited)",
				);
				GCC_WARN_64_TO_32_BIT_CONVERSION = YES;
				GCC_WARN_ABOUT_RETURN_TYPE = YES_ERROR;
				GCC_WARN_UNDECLARED_SELECTOR = YES;
				GCC_WARN_UNINITIALIZED_AUTOS = YES_AGGRESSIVE;
				GCC_WARN_UNUSED_FUNCTION = YES;
				GCC_WARN_UNUSED_VARIABLE = YES;
				IPHONEOS_DEPLOYMENT_TARGET = 16.2;
				MTL_ENABLE_DEBUG_INFO = INCLUDE_SOURCE;
				MTL_FAST_MATH = YES;
				ONLY_ACTIVE_ARCH = YES;
				SDKROOT = iphoneos;
				SWIFT_ACTIVE_COMPILATION_CONDITIONS = DEBUG;
				SWIFT_OPTIMIZATION_LEVEL = "-Onone";
			};
			name = Debug;
		};
		7866FA4F2AE400DF0060FBEE /* Release */ = {
			isa = XCBuildConfiguration;
			buildSettings = {
				ALWAYS_SEARCH_USER_PATHS = NO;
				CLANG_ANALYZER_NONNULL = YES;
				CLANG_ANALYZER_NUMBER_OBJECT_CONVERSION = YES_AGGRESSIVE;
				CLANG_CXX_LANGUAGE_STANDARD = "gnu++20";
				CLANG_ENABLE_MODULES = YES;
				CLANG_ENABLE_OBJC_ARC = YES;
				CLANG_ENABLE_OBJC_WEAK = YES;
				CLANG_WARN_BLOCK_CAPTURE_AUTORELEASING = YES;
				CLANG_WARN_BOOL_CONVERSION = YES;
				CLANG_WARN_COMMA = YES;
				CLANG_WARN_CONSTANT_CONVERSION = YES;
				CLANG_WARN_DEPRECATED_OBJC_IMPLEMENTATIONS = YES;
				CLANG_WARN_DIRECT_OBJC_ISA_USAGE = YES_ERROR;
				CLANG_WARN_DOCUMENTATION_COMMENTS = YES;
				CLANG_WARN_EMPTY_BODY = YES;
				CLANG_WARN_ENUM_CONVERSION = YES;
				CLANG_WARN_INFINITE_RECURSION = YES;
				CLANG_WARN_INT_CONVERSION = YES;
				CLANG_WARN_NON_LITERAL_NULL_CONVERSION = YES;
				CLANG_WARN_OBJC_IMPLICIT_RETAIN_SELF = YES;
				CLANG_WARN_OBJC_LITERAL_CONVERSION = YES;
				CLANG_WARN_OBJC_ROOT_CLASS = YES_ERROR;
				CLANG_WARN_QUOTED_INCLUDE_IN_FRAMEWORK_HEADER = YES;
				CLANG_WARN_RANGE_LOOP_ANALYSIS = YES;
				CLANG_WARN_STRICT_PROTOTYPES = YES;
				CLANG_WARN_SUSPICIOUS_MOVE = YES;
				CLANG_WARN_UNGUARDED_AVAILABILITY = YES_AGGRESSIVE;
				CLANG_WARN_UNREACHABLE_CODE = YES;
				CLANG_WARN__DUPLICATE_METHOD_MATCH = YES;
				COPY_PHASE_STRIP = NO;
				DEBUG_INFORMATION_FORMAT = "dwarf-with-dsym";
				ENABLE_NS_ASSERTIONS = NO;
				ENABLE_STRICT_OBJC_MSGSEND = YES;
				GCC_C_LANGUAGE_STANDARD = gnu11;
				GCC_NO_COMMON_BLOCKS = YES;
				GCC_WARN_64_TO_32_BIT_CONVERSION = YES;
				GCC_WARN_ABOUT_RETURN_TYPE = YES_ERROR;
				GCC_WARN_UNDECLARED_SELECTOR = YES;
				GCC_WARN_UNINITIALIZED_AUTOS = YES_AGGRESSIVE;
				GCC_WARN_UNUSED_FUNCTION = YES;
				GCC_WARN_UNUSED_VARIABLE = YES;
				IPHONEOS_DEPLOYMENT_TARGET = 16.2;
				MTL_ENABLE_DEBUG_INFO = NO;
				MTL_FAST_MATH = YES;
				SDKROOT = iphoneos;
				SWIFT_COMPILATION_MODE = wholemodule;
				SWIFT_OPTIMIZATION_LEVEL = "-O";
				VALIDATE_PRODUCT = YES;
			};
			name = Release;
		};
		7866FA512AE400DF0060FBEE /* Debug */ = {
			isa = XCBuildConfiguration;
			buildSettings = {
				ASSETCATALOG_COMPILER_APPICON_NAME = AppIcon;
				ASSETCATALOG_COMPILER_GLOBAL_ACCENT_COLOR_NAME = AccentColor;
				CODE_SIGN_STYLE = Automatic;
				CURRENT_PROJECT_VERSION = 1;
				DEVELOPMENT_TEAM = 25H4N2RW85;
				GENERATE_INFOPLIST_FILE = YES;
				INFOPLIST_FILE = Weather_MVVM.UIKit/Application/Info.plist;
				INFOPLIST_KEY_UIApplicationSupportsIndirectInputEvents = YES;
				INFOPLIST_KEY_UILaunchStoryboardName = LaunchScreen;
				INFOPLIST_KEY_UISupportedInterfaceOrientations = UIInterfaceOrientationPortrait;
				INFOPLIST_KEY_UISupportedInterfaceOrientations_iPad = "UIInterfaceOrientationLandscapeLeft UIInterfaceOrientationLandscapeRight UIInterfaceOrientationPortrait UIInterfaceOrientationPortraitUpsideDown";
				IPHONEOS_DEPLOYMENT_TARGET = 16.0;
				LD_RUNPATH_SEARCH_PATHS = (
					"$(inherited)",
					"@executable_path/Frameworks",
				);
				MARKETING_VERSION = 1.0;
				PRODUCT_BUNDLE_IDENTIFIER = "rukahand.Weather-MVVM-UIKit";
				PRODUCT_NAME = "$(TARGET_NAME)";
				SUPPORTED_PLATFORMS = "iphoneos iphonesimulator";
				SUPPORTS_MACCATALYST = NO;
				SUPPORTS_MAC_DESIGNED_FOR_IPHONE_IPAD = NO;
				SWIFT_EMIT_LOC_STRINGS = YES;
				SWIFT_VERSION = 5.0;
				TARGETED_DEVICE_FAMILY = 1;
			};
			name = Debug;
		};
		7866FA522AE400DF0060FBEE /* Release */ = {
			isa = XCBuildConfiguration;
			buildSettings = {
				ASSETCATALOG_COMPILER_APPICON_NAME = AppIcon;
				ASSETCATALOG_COMPILER_GLOBAL_ACCENT_COLOR_NAME = AccentColor;
				CODE_SIGN_STYLE = Automatic;
				CURRENT_PROJECT_VERSION = 1;
				DEVELOPMENT_TEAM = 25H4N2RW85;
				GENERATE_INFOPLIST_FILE = YES;
				INFOPLIST_FILE = Weather_MVVM.UIKit/Application/Info.plist;
				INFOPLIST_KEY_UIApplicationSupportsIndirectInputEvents = YES;
				INFOPLIST_KEY_UILaunchStoryboardName = LaunchScreen;
				INFOPLIST_KEY_UISupportedInterfaceOrientations = UIInterfaceOrientationPortrait;
				INFOPLIST_KEY_UISupportedInterfaceOrientations_iPad = "UIInterfaceOrientationLandscapeLeft UIInterfaceOrientationLandscapeRight UIInterfaceOrientationPortrait UIInterfaceOrientationPortraitUpsideDown";
				IPHONEOS_DEPLOYMENT_TARGET = 16.0;
				LD_RUNPATH_SEARCH_PATHS = (
					"$(inherited)",
					"@executable_path/Frameworks",
				);
				MARKETING_VERSION = 1.0;
				PRODUCT_BUNDLE_IDENTIFIER = "rukahand.Weather-MVVM-UIKit";
				PRODUCT_NAME = "$(TARGET_NAME)";
				SUPPORTED_PLATFORMS = "iphoneos iphonesimulator";
				SUPPORTS_MACCATALYST = NO;
				SUPPORTS_MAC_DESIGNED_FOR_IPHONE_IPAD = NO;
				SWIFT_EMIT_LOC_STRINGS = YES;
				SWIFT_VERSION = 5.0;
				TARGETED_DEVICE_FAMILY = 1;
			};
			name = Release;
		};
/* End XCBuildConfiguration section */

/* Begin XCConfigurationList section */
		7866FA372AE400DE0060FBEE /* Build configuration list for PBXProject "Weather_MVVM.UIKit" */ = {
			isa = XCConfigurationList;
			buildConfigurations = (
				7866FA4E2AE400DF0060FBEE /* Debug */,
				7866FA4F2AE400DF0060FBEE /* Release */,
			);
			defaultConfigurationIsVisible = 0;
			defaultConfigurationName = Release;
		};
		7866FA502AE400DF0060FBEE /* Build configuration list for PBXNativeTarget "Weather_MVVM.UIKit" */ = {
			isa = XCConfigurationList;
			buildConfigurations = (
				7866FA512AE400DF0060FBEE /* Debug */,
				7866FA522AE400DF0060FBEE /* Release */,
			);
			defaultConfigurationIsVisible = 0;
			defaultConfigurationName = Release;
		};
/* End XCConfigurationList section */
	};
	rootObject = 7866FA342AE400DE0060FBEE /* Project object */;
}
